
Microsoft Visual Studio Solution File, Format Version 12.00
# Visual Studio 2015
Project("{FAE04EC0-301F-11D3-BF4B-00C04F79EFBC}") = "2DAudioListeners.CSharp", "2DAudioListeners.CSharp.csproj", "{48AB86B5-E627-8C78-564C-BBCAD4F9707A}"
EndProject
Global
	GlobalSection(SolutionConfigurationPlatforms) = preSolution
		Debug|Any CPU = Debug|Any CPU
		Release|Any CPU = Release|Any CPU
	EndGlobalSection
	GlobalSection(ProjectConfigurationPlatforms) = postSolution
		{48AB86B5-E627-8C78-564C-BBCAD4F9707A}.Debug|Any CPU.ActiveCfg = Debug|Any CPU
		{48AB86B5-E627-8C78-564C-BBCAD4F9707A}.Debug|Any CPU.Build.0 = Debug|Any CPU
		{48AB86B5-E627-8C78-564C-BBCAD4F9707A}.Release|Any CPU.ActiveCfg = Release|Any CPU
		{48AB86B5-E627-8C78-564C-BBCAD4F9707A}.Release|Any CPU.Build.0 = Release|Any CPU
	EndGlobalSection
	GlobalSection(SolutionProperties) = preSolution
		HideSolutionNode = FALSE
	EndGlobalSection
EndGlobal
