
Microsoft Visual Studio Solution File, Format Version 12.00
# Visual Studio 2015
Project("{FAE04EC0-301F-11D3-BF4B-00C04F79EFBC}") = "AccelerometerTest", "AccelerometerTest.csproj", "{0B5C1762-5BD2-0D0A-5CB8-D709B930EFC2}"
EndProject
Project("{FAE04EC0-301F-11D3-BF4B-00C04F79EFBC}") = "AccelerometerTest.Editor", "AccelerometerTest.Editor.csproj", "{9FADD72B-DF2C-682E-91D8-2CB1135E1E1B}"
EndProject
Global
	GlobalSection(SolutionConfigurationPlatforms) = preSolution
		Debug|Any CPU = Debug|Any CPU
		Release|Any CPU = Release|Any CPU
	EndGlobalSection
	GlobalSection(ProjectConfigurationPlatforms) = postSolution
		{0B5C1762-5BD2-0D0A-5CB8-D709B930EFC2}.Debug|Any CPU.ActiveCfg = Debug|Any CPU
		{0B5C1762-5BD2-0D0A-5CB8-D709B930EFC2}.Debug|Any CPU.Build.0 = Debug|Any CPU
		{0B5C1762-5BD2-0D0A-5CB8-D709B930EFC2}.Release|Any CPU.ActiveCfg = Release|Any CPU
		{0B5C1762-5BD2-0D0A-5CB8-D709B930EFC2}.Release|Any CPU.Build.0 = Release|Any CPU
		{9FADD72B-DF2C-682E-91D8-2CB1135E1E1B}.Debug|Any CPU.ActiveCfg = Debug|Any CPU
		{9FADD72B-DF2C-682E-91D8-2CB1135E1E1B}.Debug|Any CPU.Build.0 = Debug|Any CPU
		{9FADD72B-DF2C-682E-91D8-2CB1135E1E1B}.Release|Any CPU.ActiveCfg = Release|Any CPU
		{9FADD72B-DF2C-682E-91D8-2CB1135E1E1B}.Release|Any CPU.Build.0 = Release|Any CPU
	EndGlobalSection
	GlobalSection(SolutionProperties) = preSolution
		HideSolutionNode = FALSE
	EndGlobalSection
EndGlobal
