
Microsoft Visual Studio Solution File, Format Version 12.00
# Visual Studio 2015
Project("{FAE04EC0-301F-11D3-BF4B-00C04F79EFBC}") = "AccelerometerTest.CSharp", "AccelerometerTest.CSharp.csproj", "{7DA511D9-06E8-BB39-482F-827E38C2088A}"
EndProject
Project("{FAE04EC0-301F-11D3-BF4B-00C04F79EFBC}") = "AccelerometerTest.CSharp.Editor", "AccelerometerTest.CSharp.Editor.csproj", "{4CD612EB-8AA4-90C3-683E-3CBF7145EA23}"
EndProject
Global
	GlobalSection(SolutionConfigurationPlatforms) = preSolution
		Debug|Any CPU = Debug|Any CPU
		Release|Any CPU = Release|Any CPU
	EndGlobalSection
	GlobalSection(ProjectConfigurationPlatforms) = postSolution
		{7DA511D9-06E8-BB39-482F-827E38C2088A}.Debug|Any CPU.ActiveCfg = Debug|Any CPU
		{7DA511D9-06E8-BB39-482F-827E38C2088A}.Debug|Any CPU.Build.0 = Debug|Any CPU
		{7DA511D9-06E8-BB39-482F-827E38C2088A}.Release|Any CPU.ActiveCfg = Release|Any CPU
		{7DA511D9-06E8-BB39-482F-827E38C2088A}.Release|Any CPU.Build.0 = Release|Any CPU
		{4CD612EB-8AA4-90C3-683E-3CBF7145EA23}.Debug|Any CPU.ActiveCfg = Debug|Any CPU
		{4CD612EB-8AA4-90C3-683E-3CBF7145EA23}.Debug|Any CPU.Build.0 = Debug|Any CPU
		{4CD612EB-8AA4-90C3-683E-3CBF7145EA23}.Release|Any CPU.ActiveCfg = Release|Any CPU
		{4CD612EB-8AA4-90C3-683E-3CBF7145EA23}.Release|Any CPU.Build.0 = Release|Any CPU
	EndGlobalSection
	GlobalSection(SolutionProperties) = preSolution
		HideSolutionNode = FALSE
	EndGlobalSection
EndGlobal
