
Microsoft Visual Studio Solution File, Format Version 12.00
# Visual Studio 2015
Project("{FAE04EC0-301F-11D3-BF4B-00C04F79EFBC}") = "testproject.CSharp", "testproject.CSharp.csproj", "{78D9E7E9-85D9-CA23-6353-F2C14D663993}"
EndProject
Project("{FAE04EC0-301F-11D3-BF4B-00C04F79EFBC}") = "testproject.CSharp.Editor", "testproject.CSharp.Editor.csproj", "{FC447F9A-754E-EC78-FF67-E191B244AB52}"
EndProject
Global
	GlobalSection(SolutionConfigurationPlatforms) = preSolution
		Debug|Any CPU = Debug|Any CPU
		Release|Any CPU = Release|Any CPU
	EndGlobalSection
	GlobalSection(ProjectConfigurationPlatforms) = postSolution
		{78D9E7E9-85D9-CA23-6353-F2C14D663993}.Debug|Any CPU.ActiveCfg = Debug|Any CPU
		{78D9E7E9-85D9-CA23-6353-F2C14D663993}.Debug|Any CPU.Build.0 = Debug|Any CPU
		{78D9E7E9-85D9-CA23-6353-F2C14D663993}.Release|Any CPU.ActiveCfg = Release|Any CPU
		{78D9E7E9-85D9-CA23-6353-F2C14D663993}.Release|Any CPU.Build.0 = Release|Any CPU
		{FC447F9A-754E-EC78-FF67-E191B244AB52}.Debug|Any CPU.ActiveCfg = Debug|Any CPU
		{FC447F9A-754E-EC78-FF67-E191B244AB52}.Debug|Any CPU.Build.0 = Debug|Any CPU
		{FC447F9A-754E-EC78-FF67-E191B244AB52}.Release|Any CPU.ActiveCfg = Release|Any CPU
		{FC447F9A-754E-EC78-FF67-E191B244AB52}.Release|Any CPU.Build.0 = Release|Any CPU
	EndGlobalSection
	GlobalSection(SolutionProperties) = preSolution
		HideSolutionNode = FALSE
	EndGlobalSection
EndGlobal
